
Microsoft Visual Studio Solution File, Format Version 12.00
# Visual Studio 15
VisualStudioVersion = 15.0.26430.14
MinimumVisualStudioVersion = 10.0.40219.1
Project("{FAE04EC0-301F-11D3-BF4B-00C04F79EFBC}") = "SparkSharp", "SparkSharp\SparkSharp.csproj", "{7BB05EC0-613B-41A5-9740-6DA5688EBD1B}"
EndProject
Global
	GlobalSection(SolutionConfigurationPlatforms) = preSolution
		Debug|Any CPU = Debug|Any CPU
		Release|Any CPU = Release|Any CPU
	EndGlobalSection
	GlobalSection(ProjectConfigurationPlatforms) = postSolution
		{7BB05EC0-613B-41A5-9740-6DA5688EBD1B}.Debug|Any CPU.ActiveCfg = Debug|Any CPU
		{7BB05EC0-613B-41A5-9740-6DA5688EBD1B}.Debug|Any CPU.Build.0 = Debug|Any CPU
		{7BB05EC0-613B-41A5-9740-6DA5688EBD1B}.Release|Any CPU.ActiveCfg = Release|Any CPU
		{7BB05EC0-613B-41A5-9740-6DA5688EBD1B}.Release|Any CPU.Build.0 = Release|Any CPU
	EndGlobalSection
	GlobalSection(SolutionProperties) = preSolution
		HideSolutionNode = FALSE
	EndGlobalSection
EndGlobal
